{
  "name": "getrepos",
  "version": "1.0.0",
  "lockfileVersion": 1,
  "requires": true,
  "dependencies": {
    "fs": {
      "version": "0.0.1-security",
      "resolved": "https://registry.npmjs.org/fs/-/fs-0.0.1-security.tgz",
      "integrity": "sha1-invTcYa23d84E/I4WLV+yq9eQdQ="
    },
    "git-clone": {
      "version": "0.1.0",
      "resolved": "https://registry.npmjs.org/git-clone/-/git-clone-0.1.0.tgz",
      "integrity": "sha1-DXYWN3gJOu9/HDAjjyqe8/B6Lrk="
    },
    "kleur": {
      "version": "3.0.3",
      "resolved": "https://registry.npmjs.org/kleur/-/kleur-3.0.3.tgz",
      "integrity": "sha512-eTIzlVOSUR+JxdDFepEYcBMtZ9Qqdef+rnzWdRZuMbOywu5tO2w2N7rqjoANZ5k9vywhL6Br1VRjUIgTQx4E8w=="
    },
    "node-fetch": {
      "version": "2.6.7",
      "resolved": "https://registry.npmjs.org/node-fetch/-/node-fetch-2.6.7.tgz",
      "integrity": "sha512-ZjMPFEfVx5j+y2yF35Kzx5sF7kDzxuDj6ziH4FFbOp87zKDZNx8yExJIb05OGF4Nlt9IHFIMBkRl41VdvcNdbQ==",
      "requires": {
        "whatwg-url": "^5.0.0"
      }
    },
    "prompts": {
      "version": "2.1.0",
      "resolved": "https://registry.npmjs.org/prompts/-/prompts-2.1.0.tgz",
      "integrity": "sha512-+x5TozgqYdOwWsQFZizE/Tra3fKvAoy037kOyU6cgz84n8f6zxngLOV4O32kTwt9FcLCxAqw0P/c8rOr9y+Gfg==",
      "requires": {
        "kleur": "^3.0.2",
        "sisteransi": "^1.0.0"
      }
    },
    "sisteransi": {
      "version": "1.0.0",
      "resolved": "https://registry.npmjs.org/sisteransi/-/sisteransi-1.0.0.tgz",
      "integrity": "sha512-N+z4pHB4AmUv0SjveWRd6q1Nj5w62m5jodv+GD8lvmbY/83T/rpbJGZOnK5T149OldDj4Db07BSv9xY4K6NTPQ=="
    },
    "tr46": {
      "version": "0.0.3",
      "resolved": "https://registry.npmjs.org/tr46/-/tr46-0.0.3.tgz",
      "integrity": "sha512-N3WMsuqV66lT30CrXNbEjx4GEwlow3v6rr4mCcv6prnfwhS01rkgyFdjPNBYd9br7LpXV1+Emh01fHnq2Gdgrw=="
    },
    "webidl-conversions": {
      "version": "3.0.1",
      "resolved": "https://registry.npmjs.org/webidl-conversions/-/webidl-conversions-3.0.1.tgz",
      "integrity": "sha512-2JAn3z8AR6rjK8Sm8orRC0h/bcl/DqL7tRPdGZ4I1CjdF+EaMLmYxBHyXuKL849eucPFhvBoxMsflfOb8kxaeQ=="
    },
    "whatwg-url": {
      "version": "5.0.0",
      "resolved": "https://registry.npmjs.org/whatwg-url/-/whatwg-url-5.0.0.tgz",
      "integrity": "sha512-saE57nupxk6v3HY35+jzBwYa0rKSy0XR8JSxZPwgLr7ys0IBzhGviA1/TUGJLmSVqs8pb9AnvICXEuOHLprYTw==",
      "requires": {
        "tr46": "~0.0.3",
        "webidl-conversions": "^3.0.0"
      }
    }
  }
}
